
Microsoft Visual Studio Solution File, Format Version 12.00
# Visual Studio Version 16
VisualStudioVersion = 16.0.28803.156
MinimumVisualStudioVersion = 10.0.40219.1
Project("{FAE04EC0-301F-11D3-BF4B-00C04F79EFBC}") = "RATPPS1", "RATPPS1\RATPPS1.csproj", "{C2511F17-1026-44F3-81EC-9F45713FBA05}"
EndProject
Global
	GlobalSection(SolutionConfigurationPlatforms) = preSolution
		Debug|Any CPU = Debug|Any CPU
		Release|Any CPU = Release|Any CPU
	EndGlobalSection
	GlobalSection(ProjectConfigurationPlatforms) = postSolution
		{C2511F17-1026-44F3-81EC-9F45713FBA05}.Debug|Any CPU.ActiveCfg = Debug|Any CPU
		{C2511F17-1026-44F3-81EC-9F45713FBA05}.Debug|Any CPU.Build.0 = Debug|Any CPU
		{C2511F17-1026-44F3-81EC-9F45713FBA05}.Release|Any CPU.ActiveCfg = Release|Any CPU
		{C2511F17-1026-44F3-81EC-9F45713FBA05}.Release|Any CPU.Build.0 = Release|Any CPU
	EndGlobalSection
	GlobalSection(SolutionProperties) = preSolution
		HideSolutionNode = FALSE
	EndGlobalSection
	GlobalSection(ExtensibilityGlobals) = postSolution
		SolutionGuid = {16511510-B970-4E88-A67C-B8AA0F4BDA84}
	EndGlobalSection
EndGlobal
